// !$*UTF8*$!
{
	archiveVersion = 1;
	classes = {
	};
	objectVersion = 55;
	objects = {

/* Begin PBXBuildFile section */
		8BB2937A2917B97700AB274D /* Smartphone.swift in Sources */ = {isa = PBXBuildFile; fileRef = 8BB293792917B97700AB274D /* Smartphone.swift */; };
		8BB2937C2917B99300AB274D /* MyInteger.swift in Sources */ = {isa = PBXBuildFile; fileRef = 8BB2937B2917B99300AB274D /* MyInteger.swift */; };
		8BB2937E2917B9A700AB274D /* MyString.swift in Sources */ = {isa = PBXBuildFile; fileRef = 8BB2937D2917B9A700AB274D /* MyString.swift */; };
		8BC80CD329055AF200A6C158 /* HashTable.swift in Sources */ = {isa = PBXBuildFile; fileRef = 8BC80CD229055AF200A6C158 /* HashTable.swift */; };
		8BC80CD529055B6500A6C158 /* IUserType.swift in Sources */ = {isa = PBXBuildFile; fileRef = 8BC80CD429055B6500A6C158 /* IUserType.swift */; };
		8BEBA13027B63650007285CA /* AppDelegate.swift in Sources */ = {isa = PBXBuildFile; fileRef = 8BEBA12F27B63650007285CA /* AppDelegate.swift */; };
		8BEBA13227B63650007285CA /* SceneDelegate.swift in Sources */ = {isa = PBXBuildFile; fileRef = 8BEBA13127B63650007285CA /* SceneDelegate.swift */; };
		8BEBA13427B63650007285CA /* ViewController.swift in Sources */ = {isa = PBXBuildFile; fileRef = 8BEBA13327B63650007285CA /* ViewController.swift */; };
		8BEBA13727B63650007285CA /* Main.storyboard in Resources */ = {isa = PBXBuildFile; fileRef = 8BEBA13527B63650007285CA /* Main.storyboard */; };
		8BEBA13927B63652007285CA /* Assets.xcassets in Resources */ = {isa = PBXBuildFile; fileRef = 8BEBA13827B63652007285CA /* Assets.xcassets */; };
		8BEBA13C27B63652007285CA /* LaunchScreen.storyboard in Resources */ = {isa = PBXBuildFile; fileRef = 8BEBA13A27B63652007285CA /* LaunchScreen.storyboard */; };
/* End PBXBuildFile section */

/* Begin PBXFileReference section */
		8BB293792917B97700AB274D /* Smartphone.swift */ = {isa = PBXFileReference; lastKnownFileType = sourcecode.swift; path = Smartphone.swift; sourceTree = "<group>"; };
		8BB2937B2917B99300AB274D /* MyInteger.swift */ = {isa = PBXFileReference; lastKnownFileType = sourcecode.swift; path = MyInteger.swift; sourceTree = "<group>"; };
		8BB2937D2917B9A700AB274D /* MyString.swift */ = {isa = PBXFileReference; lastKnownFileType = sourcecode.swift; path = MyString.swift; sourceTree = "<group>"; };
		8BC80CD229055AF200A6C158 /* HashTable.swift */ = {isa = PBXFileReference; lastKnownFileType = sourcecode.swift; path = HashTable.swift; sourceTree = "<group>"; };
		8BC80CD429055B6500A6C158 /* IUserType.swift */ = {isa = PBXFileReference; lastKnownFileType = sourcecode.swift; path = IUserType.swift; sourceTree = "<group>"; };
		8BEBA12C27B63650007285CA /* HashTable.app */ = {isa = PBXFileReference; explicitFileType = wrapper.application; includeInIndex = 0; path = HashTable.app; sourceTree = BUILT_PRODUCTS_DIR; };
		8BEBA12F27B63650007285CA /* AppDelegate.swift */ = {isa = PBXFileReference; lastKnownFileType = sourcecode.swift; path = AppDelegate.swift; sourceTree = "<group>"; };
		8BEBA13127B63650007285CA /* SceneDelegate.swift */ = {isa = PBXFileReference; lastKnownFileType = sourcecode.swift; path = SceneDelegate.swift; sourceTree = "<group>"; };
		8BEBA13327B63650007285CA /* ViewController.swift */ = {isa = PBXFileReference; lastKnownFileType = sourcecode.swift; path = ViewController.swift; sourceTree = "<group>"; };
		8BEBA13627B63650007285CA /* Base */ = {isa = PBXFileReference; lastKnownFileType = file.storyboard; name = Base; path = Base.lproj/Main.storyboard; sourceTree = "<group>"; };
		8BEBA13827B63652007285CA /* Assets.xcassets */ = {isa = PBXFileReference; lastKnownFileType = folder.assetcatalog; path = Assets.xcassets; sourceTree = "<group>"; };
		8BEBA13B27B63652007285CA /* Base */ = {isa = PBXFileReference; lastKnownFileType = file.storyboard; name = Base; path = Base.lproj/LaunchScreen.storyboard; sourceTree = "<group>"; };
		8BEBA13D27B63652007285CA /* Info.plist */ = {isa = PBXFileReference; lastKnownFileType = text.plist.xml; path = Info.plist; sourceTree = "<group>"; };
/* End PBXFileReference section */

/* Begin PBXFrameworksBuildPhase section */
		8BEBA12927B63650007285CA /* Frameworks */ = {
			isa = PBXFrameworksBuildPhase;
			buildActionMask = 2147483647;
			files = (
			);
			runOnlyForDeploymentPostprocessing = 0;
		};
/* End PBXFrameworksBuildPhase section */

/* Begin PBXGroup section */
		8BB293782917B93D00AB274D /* entities */ = {
			isa = PBXGroup;
			children = (
				8BB293792917B97700AB274D /* Smartphone.swift */,
				8BB2937B2917B99300AB274D /* MyInteger.swift */,
				8BB2937D2917B9A700AB274D /* MyString.swift */,
			);
			path = entities;
			sourceTree = "<group>";
		};
		8BC80CD129055AD100A6C158 /* hashTable */ = {
			isa = PBXGroup;
			children = (
				8BC80CD229055AF200A6C158 /* HashTable.swift */,
				8BC80CD429055B6500A6C158 /* IUserType.swift */,
			);
			path = hashTable;
			sourceTree = "<group>";
		};
		8BEBA12327B63650007285CA = {
			isa = PBXGroup;
			children = (
				8BEBA12E27B63650007285CA /* HashTable */,
				8BEBA12D27B63650007285CA /* Products */,
			);
			sourceTree = "<group>";
		};
		8BEBA12D27B63650007285CA /* Products */ = {
			isa = PBXGroup;
			children = (
				8BEBA12C27B63650007285CA /* HashTable.app */,
			);
			name = Products;
			sourceTree = "<group>";
		};
		8BEBA12E27B63650007285CA /* HashTable */ = {
			isa = PBXGroup;
			children = (
				8BB293782917B93D00AB274D /* entities */,
				8BC80CD129055AD100A6C158 /* hashTable */,
				8BEBA12F27B63650007285CA /* AppDelegate.swift */,
				8BEBA13127B63650007285CA /* SceneDelegate.swift */,
				8BEBA13327B63650007285CA /* ViewController.swift */,
				8BEBA13527B63650007285CA /* Main.storyboard */,
				8BEBA13827B63652007285CA /* Assets.xcassets */,
				8BEBA13A27B63652007285CA /* LaunchScreen.storyboard */,
				8BEBA13D27B63652007285CA /* Info.plist */,
			);
			path = HashTable;
			sourceTree = "<group>";
		};
/* End PBXGroup section */

/* Begin PBXNativeTarget section */
		8BEBA12B27B63650007285CA /* HashTable */ = {
			isa = PBXNativeTarget;
			buildConfigurationList = 8BEBA14027B63652007285CA /* Build configuration list for PBXNativeTarget "HashTable" */;
			buildPhases = (
				8BEBA12827B63650007285CA /* Sources */,
				8BEBA12927B63650007285CA /* Frameworks */,
				8BEBA12A27B63650007285CA /* Resources */,
			);
			buildRules = (
			);
			dependencies = (
			);
			name = HashTable;
			productName = ISpy;
			productReference = 8BEBA12C27B63650007285CA /* HashTable.app */;
			productType = "com.apple.product-type.application";
		};
/* End PBXNativeTarget section */

/* Begin PBXProject section */
		8BEBA12427B63650007285CA /* Project object */ = {
			isa = PBXProject;
			attributes = {
				BuildIndependentTargetsInParallel = 1;
				LastSwiftUpdateCheck = 1320;
				LastUpgradeCheck = 1320;
				TargetAttributes = {
					8BEBA12B27B63650007285CA = {
						CreatedOnToolsVersion = 13.2.1;
					};
				};
			};
			buildConfigurationList = 8BEBA12727B63650007285CA /* Build configuration list for PBXProject "HashTable" */;
			compatibilityVersion = "Xcode 13.0";
			developmentRegion = en;
			hasScannedForEncodings = 0;
			knownRegions = (
				en,
				Base,
			);
			mainGroup = 8BEBA12327B63650007285CA;
			productRefGroup = 8BEBA12D27B63650007285CA /* Products */;
			projectDirPath = "";
			projectRoot = "";
			targets = (
				8BEBA12B27B63650007285CA /* HashTable */,
			);
		};
/* End PBXProject section */

/* Begin PBXResourcesBuildPhase section */
		8BEBA12A27B63650007285CA /* Resources */ = {
			isa = PBXResourcesBuildPhase;
			buildActionMask = 2147483647;
			files = (
				8BEBA13C27B63652007285CA /* LaunchScreen.storyboard in Resources */,
				8BEBA13927B63652007285CA /* Assets.xcassets in Resources */,
				8BEBA13727B63650007285CA /* Main.storyboard in Resources */,
			);
			runOnlyForDeploymentPostprocessing = 0;
		};
/* End PBXResourcesBuildPhase section */

/* Begin PBXSourcesBuildPhase section */
		8BEBA12827B63650007285CA /* Sources */ = {
			isa = PBXSourcesBuildPhase;
			buildActionMask = 2147483647;
			files = (
				8BEBA13427B63650007285CA /* ViewController.swift in Sources */,
				8BEBA13027B63650007285CA /* AppDelegate.swift in Sources */,
				8BC80CD529055B6500A6C158 /* IUserType.swift in Sources */,
				8BC80CD329055AF200A6C158 /* HashTable.swift in Sources */,
				8BB2937A2917B97700AB274D /* Smartphone.swift in Sources */,
				8BB2937C2917B99300AB274D /* MyInteger.swift in Sources */,
				8BB2937E2917B9A700AB274D /* MyString.swift in Sources */,
				8BEBA13227B63650007285CA /* SceneDelegate.swift in Sources */,
			);
			runOnlyForDeploymentPostprocessing = 0;
		};
/* End PBXSourcesBuildPhase section */

/* Begin PBXVariantGroup section */
		8BEBA13527B63650007285CA /* Main.storyboard */ = {
			isa = PBXVariantGroup;
			children = (
				8BEBA13627B63650007285CA /* Base */,
			);
			name = Main.storyboard;
			sourceTree = "<group>";
		};
		8BEBA13A27B63652007285CA /* LaunchScreen.storyboard */ = {
			isa = PBXVariantGroup;
			children = (
				8BEBA13B27B63652007285CA /* Base */,
			);
			name = LaunchScreen.storyboard;
			sourceTree = "<group>";
		};
/* End PBXVariantGroup section */

/* Begin XCBuildConfiguration section */
		8BEBA13E27B63652007285CA /* Debug */ = {
			isa = XCBuildConfiguration;
			buildSettings = {
				ALWAYS_SEARCH_USER_PATHS = NO;
				CLANG_ANALYZER_NONNULL = YES;
				CLANG_ANALYZER_NUMBER_OBJECT_CONVERSION = YES_AGGRESSIVE;
				CLANG_CXX_LANGUAGE_STANDARD = "gnu++17";
				CLANG_CXX_LIBRARY = "libc++";
				CLANG_ENABLE_MODULES = YES;
				CLANG_ENABLE_OBJC_ARC = YES;
				CLANG_ENABLE_OBJC_WEAK = YES;
				CLANG_WARN_BLOCK_CAPTURE_AUTORELEASING = YES;
				CLANG_WARN_BOOL_CONVERSION = YES;
				CLANG_WARN_COMMA = YES;
				CLANG_WARN_CONSTANT_CONVERSION = YES;
				CLANG_WARN_DEPRECATED_OBJC_IMPLEMENTATIONS = YES;
				CLANG_WARN_DIRECT_OBJC_ISA_USAGE = YES_ERROR;
				CLANG_WARN_DOCUMENTATION_COMMENTS = YES;
				CLANG_WARN_EMPTY_BODY = YES;
				CLANG_WARN_ENUM_CONVERSION = YES;
				CLANG_WARN_INFINITE_RECURSION = YES;
				CLANG_WARN_INT_CONVERSION = YES;
				CLANG_WARN_NON_LITERAL_NULL_CONVERSION = YES;
				CLANG_WARN_OBJC_IMPLICIT_RETAIN_SELF = YES;
				CLANG_WARN_OBJC_LITERAL_CONVERSION = YES;
				CLANG_WARN_OBJC_ROOT_CLASS = YES_ERROR;
				CLANG_WARN_QUOTED_INCLUDE_IN_FRAMEWORK_HEADER = YES;
				CLANG_WARN_RANGE_LOOP_ANALYSIS = YES;
				CLANG_WARN_STRICT_PROTOTYPES = YES;
				CLANG_WARN_SUSPICIOUS_MOVE = YES;
				CLANG_WARN_UNGUARDED_AVAILABILITY = YES_AGGRESSIVE;
				CLANG_WARN_UNREACHABLE_CODE = YES;
				CLANG_WARN__DUPLICATE_METHOD_MATCH = YES;
				COPY_PHASE_STRIP = NO;
				DEBUG_INFORMATION_FORMAT = dwarf;
				ENABLE_STRICT_OBJC_MSGSEND = YES;
				ENABLE_TESTABILITY = YES;
				GCC_C_LANGUAGE_STANDARD = gnu11;
				GCC_DYNAMIC_NO_PIC = NO;
				GCC_NO_COMMON_BLOCKS = YES;
				GCC_OPTIMIZATION_LEVEL = 0;
				GCC_PREPROCESSOR_DEFINITIONS = (
					"DEBUG=1",
					"$(inherited)",
				);
				GCC_WARN_64_TO_32_BIT_CONVERSION = YES;
				GCC_WARN_ABOUT_RETURN_TYPE = YES_ERROR;
				GCC_WARN_UNDECLARED_SELECTOR = YES;
				GCC_WARN_UNINITIALIZED_AUTOS = YES_AGGRESSIVE;
				GCC_WARN_UNUSED_FUNCTION = YES;
				GCC_WARN_UNUSED_VARIABLE = YES;
				IPHONEOS_DEPLOYMENT_TARGET = 15.2;
				MTL_ENABLE_DEBUG_INFO = INCLUDE_SOURCE;
				MTL_FAST_MATH = YES;
				ONLY_ACTIVE_ARCH = YES;
				SDKROOT = iphoneos;
				SWIFT_ACTIVE_COMPILATION_CONDITIONS = DEBUG;
				SWIFT_OPTIMIZATION_LEVEL = "-Onone";
			};
			name = Debug;
		};
		8BEBA13F27B63652007285CA /* Release */ = {
			isa = XCBuildConfiguration;
			buildSettings = {
				ALWAYS_SEARCH_USER_PATHS = NO;
				CLANG_ANALYZER_NONNULL = YES;
				CLANG_ANALYZER_NUMBER_OBJECT_CONVERSION = YES_AGGRESSIVE;
				CLANG_CXX_LANGUAGE_STANDARD = "gnu++17";
				CLANG_CXX_LIBRARY = "libc++";
				CLANG_ENABLE_MODULES = YES;
				CLANG_ENABLE_OBJC_ARC = YES;
				CLANG_ENABLE_OBJC_WEAK = YES;
				CLANG_WARN_BLOCK_CAPTURE_AUTORELEASING = YES;
				CLANG_WARN_BOOL_CONVERSION = YES;
				CLANG_WARN_COMMA = YES;
				CLANG_WARN_CONSTANT_CONVERSION = YES;
				CLANG_WARN_DEPRECATED_OBJC_IMPLEMENTATIONS = YES;
				CLANG_WARN_DIRECT_OBJC_ISA_USAGE = YES_ERROR;
				CLANG_WARN_DOCUMENTATION_COMMENTS = YES;
				CLANG_WARN_EMPTY_BODY = YES;
				CLANG_WARN_ENUM_CONVERSION = YES;
				CLANG_WARN_INFINITE_RECURSION = YES;
				CLANG_WARN_INT_CONVERSION = YES;
				CLANG_WARN_NON_LITERAL_NULL_CONVERSION = YES;
				CLANG_WARN_OBJC_IMPLICIT_RETAIN_SELF = YES;
				CLANG_WARN_OBJC_LITERAL_CONVERSION = YES;
				CLANG_WARN_OBJC_ROOT_CLASS = YES_ERROR;
				CLANG_WARN_QUOTED_INCLUDE_IN_FRAMEWORK_HEADER = YES;
				CLANG_WARN_RANGE_LOOP_ANALYSIS = YES;
				CLANG_WARN_STRICT_PROTOTYPES = YES;
				CLANG_WARN_SUSPICIOUS_MOVE = YES;
				CLANG_WARN_UNGUARDED_AVAILABILITY = YES_AGGRESSIVE;
				CLANG_WARN_UNREACHABLE_CODE = YES;
				CLANG_WARN__DUPLICATE_METHOD_MATCH = YES;
				COPY_PHASE_STRIP = NO;
				DEBUG_INFORMATION_FORMAT = "dwarf-with-dsym";
				ENABLE_NS_ASSERTIONS = NO;
				ENABLE_STRICT_OBJC_MSGSEND = YES;
				GCC_C_LANGUAGE_STANDARD = gnu11;
				GCC_NO_COMMON_BLOCKS = YES;
				GCC_WARN_64_TO_32_BIT_CONVERSION = YES;
				GCC_WARN_ABOUT_RETURN_TYPE = YES_ERROR;
				GCC_WARN_UNDECLARED_SELECTOR = YES;
				GCC_WARN_UNINITIALIZED_AUTOS = YES_AGGRESSIVE;
				GCC_WARN_UNUSED_FUNCTION = YES;
				GCC_WARN_UNUSED_VARIABLE = YES;
				IPHONEOS_DEPLOYMENT_TARGET = 15.2;
				MTL_ENABLE_DEBUG_INFO = NO;
				MTL_FAST_MATH = YES;
				SDKROOT = iphoneos;
				SWIFT_COMPILATION_MODE = wholemodule;
				SWIFT_OPTIMIZATION_LEVEL = "-O";
				VALIDATE_PRODUCT = YES;
			};
			name = Release;
		};
		8BEBA14127B63652007285CA /* Debug */ = {
			isa = XCBuildConfiguration;
			buildSettings = {
				ASSETCATALOG_COMPILER_APPICON_NAME = AppIcon;
				ASSETCATALOG_COMPILER_GLOBAL_ACCENT_COLOR_NAME = AccentColor;
				CODE_SIGN_STYLE = Automatic;
				CURRENT_PROJECT_VERSION = 1;
				DEVELOPMENT_TEAM = 3P8CK53Y8D;
				GENERATE_INFOPLIST_FILE = YES;
				INFOPLIST_FILE = HashTable/Info.plist;
				INFOPLIST_KEY_CFBundleDisplayName = HashTable;
				INFOPLIST_KEY_UIApplicationSupportsIndirectInputEvents = YES;
				INFOPLIST_KEY_UILaunchStoryboardName = LaunchScreen;
				INFOPLIST_KEY_UIMainStoryboardFile = Main;
				INFOPLIST_KEY_UISupportedInterfaceOrientations_iPad = "UIInterfaceOrientationPortrait UIInterfaceOrientationPortraitUpsideDown UIInterfaceOrientationLandscapeLeft UIInterfaceOrientationLandscapeRight";
				INFOPLIST_KEY_UISupportedInterfaceOrientations_iPhone = "UIInterfaceOrientationPortrait UIInterfaceOrientationLandscapeLeft UIInterfaceOrientationLandscapeRight";
				IPHONEOS_DEPLOYMENT_TARGET = 12.0;
				LD_RUNPATH_SEARCH_PATHS = (
					"$(inherited)",
					"@executable_path/Frameworks",
				);
				MARKETING_VERSION = 1.0;
				PRODUCT_BUNDLE_IDENTIFIER = com.zykov.hashtable;
				PRODUCT_NAME = "$(TARGET_NAME)";
				SWIFT_EMIT_LOC_STRINGS = YES;
				SWIFT_VERSION = 5.0;
				TARGETED_DEVICE_FAMILY = "1,2";
			};
			name = Debug;
		};
		8BEBA14227B63652007285CA /* Release */ = {
			isa = XCBuildConfiguration;
			buildSettings = {
				ASSETCATALOG_COMPILER_APPICON_NAME = AppIcon;
				ASSETCATALOG_COMPILER_GLOBAL_ACCENT_COLOR_NAME = AccentColor;
				CODE_SIGN_STYLE = Automatic;
				CURRENT_PROJECT_VERSION = 1;
				DEVELOPMENT_TEAM = 3P8CK53Y8D;
				GENERATE_INFOPLIST_FILE = YES;
				INFOPLIST_FILE = HashTable/Info.plist;
				INFOPLIST_KEY_CFBundleDisplayName = HashTable;
				INFOPLIST_KEY_UIApplicationSupportsIndirectInputEvents = YES;
				INFOPLIST_KEY_UILaunchStoryboardName = LaunchScreen;
				INFOPLIST_KEY_UIMainStoryboardFile = Main;
				INFOPLIST_KEY_UISupportedInterfaceOrientations_iPad = "UIInterfaceOrientationPortrait UIInterfaceOrientationPortraitUpsideDown UIInterfaceOrientationLandscapeLeft UIInterfaceOrientationLandscapeRight";
				INFOPLIST_KEY_UISupportedInterfaceOrientations_iPhone = "UIInterfaceOrientationPortrait UIInterfaceOrientationLandscapeLeft UIInterfaceOrientationLandscapeRight";
				IPHONEOS_DEPLOYMENT_TARGET = 12.0;
				LD_RUNPATH_SEARCH_PATHS = (
					"$(inherited)",
					"@executable_path/Frameworks",
				);
				MARKETING_VERSION = 1.0;
				PRODUCT_BUNDLE_IDENTIFIER = com.zykov.hashtable;
				PRODUCT_NAME = "$(TARGET_NAME)";
				SWIFT_EMIT_LOC_STRINGS = YES;
				SWIFT_VERSION = 5.0;
				TARGETED_DEVICE_FAMILY = "1,2";
			};
			name = Release;
		};
/* End XCBuildConfiguration section */

/* Begin XCConfigurationList section */
		8BEBA12727B63650007285CA /* Build configuration list for PBXProject "HashTable" */ = {
			isa = XCConfigurationList;
			buildConfigurations = (
				8BEBA13E27B63652007285CA /* Debug */,
				8BEBA13F27B63652007285CA /* Release */,
			);
			defaultConfigurationIsVisible = 0;
			defaultConfigurationName = Release;
		};
		8BEBA14027B63652007285CA /* Build configuration list for PBXNativeTarget "HashTable" */ = {
			isa = XCConfigurationList;
			buildConfigurations = (
				8BEBA14127B63652007285CA /* Debug */,
				8BEBA14227B63652007285CA /* Release */,
			);
			defaultConfigurationIsVisible = 0;
			defaultConfigurationName = Release;
		};
/* End XCConfigurationList section */
	};
	rootObject = 8BEBA12427B63650007285CA /* Project object */;
}
